# This file is autogenerated, do not edit; changes may be undone by the next 'dep ensure'.


[[projects]]
  name = "github.com/fhs/gompd"
  packages = ["mpd"]
  revision = "f9ccd27520b62ed4593793721988082e83a4e829"

[[projects]]
  name = "github.com/godbus/dbus"
  packages = [
    ".",
    "introspect",
    "prop"
  ]
  revision = "a389bdde4dd695d414e47b755e95e72b7826432c"

[[projects]]
  name = "github.com/pkg/errors"
  packages = ["."]
  revision = "645ef00459ed84a119197bfb8d8205042c6df63d"
  version = "v0.8.0"

[solve-meta]
  analyzer-name = "dep"
  analyzer-version = 1
  inputs-digest = "d7c749921d9b8977d37b79d9838043a38c609eb0aa37bc811c3ef96ef8057fe4"
  solver-name = "gps-cdcl"
  solver-version = 1
